
Microsoft Visual Studio Solution File, Format Version 12.00
# Visual Studio Version 17
VisualStudioVersion = 17.2.32616.157
MinimumVisualStudioVersion = 10.0.40219.1
Project("{8BC9CEB8-8B4A-11D0-8D11-00A0C91BC942}") = "EmployeeTrainingRoster", "EmployeeTrainingRoster\EmployeeTrainingRoster.vcxproj", "{8A455C23-3441-4D4B-94EF-CC609A9D6A78}"
EndProject
Global
	GlobalSection(SolutionConfigurationPlatforms) = preSolution
		Debug|x64 = Debug|x64
		Debug|x86 = Debug|x86
		Release|x64 = Release|x64
		Release|x86 = Release|x86
	EndGlobalSection
	GlobalSection(ProjectConfigurationPlatforms) = postSolution
		{8A455C23-3441-4D4B-94EF-CC609A9D6A78}.Debug|x64.ActiveCfg = Debug|x64
		{8A455C23-3441-4D4B-94EF-CC609A9D6A78}.Debug|x64.Build.0 = Debug|x64
		{8A455C23-3441-4D4B-94EF-CC609A9D6A78}.Debug|x86.ActiveCfg = Debug|Win32
		{8A455C23-3441-4D4B-94EF-CC609A9D6A78}.Debug|x86.Build.0 = Debug|Win32
		{8A455C23-3441-4D4B-94EF-CC609A9D6A78}.Release|x64.ActiveCfg = Release|x64
		{8A455C23-3441-4D4B-94EF-CC609A9D6A78}.Release|x64.Build.0 = Release|x64
		{8A455C23-3441-4D4B-94EF-CC609A9D6A78}.Release|x86.ActiveCfg = Release|Win32
		{8A455C23-3441-4D4B-94EF-CC609A9D6A78}.Release|x86.Build.0 = Release|Win32
	EndGlobalSection
	GlobalSection(SolutionProperties) = preSolution
		HideSolutionNode = FALSE
	EndGlobalSection
	GlobalSection(ExtensibilityGlobals) = postSolution
		SolutionGuid = {CD816FF7-6F3D-40DF-A9F2-0A59FE52E4CE}
	EndGlobalSection
EndGlobal
